{
  "name": "arquivos_gatitostore",
  "lockfileVersion": 2,
  "requires": true,
  "packages": {
    "": {
      "dependencies": {
        "brower": "^0.0.2",
        "sync": "^0.2.5"
      },
      "devDependencies": {
        "jetifier": "^2.0.0"
      }
    },
    "node_modules/brower": {
      "version": "0.0.2",
      "resolved": "https://registry.npmjs.org/brower/-/brower-0.0.2.tgz",
      "integrity": "sha512-/0quo1J9BoMw4ZDFH+RWvVFBTjWZ3H+1kUNafJ5mTkr828Kl/5+NhOiE+v5/VCkzeTBbymMU4IpmkzfUbKe2Fw=="
    },
    "node_modules/detect-libc": {
      "version": "1.0.3",
      "resolved": "https://registry.npmjs.org/detect-libc/-/detect-libc-1.0.3.tgz",
      "integrity": "sha1-+hN8S9aY7fVc1c0CrFWfkaTEups=",
      "bin": {
        "detect-libc": "bin/detect-libc.js"
      },
      "engines": {
        "node": ">=0.10"
      }
    },
    "node_modules/fibers": {
      "version": "5.0.0",
      "resolved": "https://registry.npmjs.org/fibers/-/fibers-5.0.0.tgz",
      "integrity": "sha512-UpGv/YAZp7mhKHxDvC1tColrroGRX90sSvh8RMZV9leo+e5+EkRVgCEZPlmXeo3BUNQTZxUaVdLskq1Q2FyCPg==",
      "hasInstallScript": true,
      "dependencies": {
        "detect-libc": "^1.0.3"
      },
      "engines": {
        "node": ">=10.0.0"
      }
    },
    "node_modules/jetifier": {
      "version": "2.0.0",
      "resolved": "https://registry.npmjs.org/jetifier/-/jetifier-2.0.0.tgz",
      "integrity": "sha512-J4Au9KuT74te+PCCCHKgAjyLlEa+2VyIAEPNCdE5aNkAJ6FAJcAqcdzEkSnzNksIa9NkGmC4tPiClk2e7tCJuQ==",
      "dev": true,
      "bin": {
        "jetifier": "bin/jetify",
        "jetifier-standalone": "bin/jetifier-standalone",
        "jetify": "bin/jetify"
      }
    },
    "node_modules/sync": {
      "version": "0.2.5",
      "resolved": "https://registry.npmjs.org/sync/-/sync-0.2.5.tgz",
      "integrity": "sha1-ORC7m2ar7lZULi5w8M5UkDElLfY=",
      "dependencies": {
        "fibers": ">=0.6"
      },
      "engines": {
        "node": ">=0.5.2"
      }
    }
  },
  "dependencies": {
    "brower": {
      "version": "0.0.2",
      "resolved": "https://registry.npmjs.org/brower/-/brower-0.0.2.tgz",
      "integrity": "sha512-/0quo1J9BoMw4ZDFH+RWvVFBTjWZ3H+1kUNafJ5mTkr828Kl/5+NhOiE+v5/VCkzeTBbymMU4IpmkzfUbKe2Fw=="
    },
    "detect-libc": {
      "version": "1.0.3",
      "resolved": "https://registry.npmjs.org/detect-libc/-/detect-libc-1.0.3.tgz",
      "integrity": "sha1-+hN8S9aY7fVc1c0CrFWfkaTEups="
    },
    "fibers": {
      "version": "5.0.0",
      "resolved": "https://registry.npmjs.org/fibers/-/fibers-5.0.0.tgz",
      "integrity": "sha512-UpGv/YAZp7mhKHxDvC1tColrroGRX90sSvh8RMZV9leo+e5+EkRVgCEZPlmXeo3BUNQTZxUaVdLskq1Q2FyCPg==",
      "requires": {
        "detect-libc": "^1.0.3"
      }
    },
    "jetifier": {
      "version": "2.0.0",
      "resolved": "https://registry.npmjs.org/jetifier/-/jetifier-2.0.0.tgz",
      "integrity": "sha512-J4Au9KuT74te+PCCCHKgAjyLlEa+2VyIAEPNCdE5aNkAJ6FAJcAqcdzEkSnzNksIa9NkGmC4tPiClk2e7tCJuQ==",
      "dev": true
    },
    "sync": {
      "version": "0.2.5",
      "resolved": "https://registry.npmjs.org/sync/-/sync-0.2.5.tgz",
      "integrity": "sha1-ORC7m2ar7lZULi5w8M5UkDElLfY=",
      "requires": {
        "fibers": ">=0.6"
      }
    }
  }
}
